Microsoft Visual Studio Solution File, Format Version 12.00
# Visual Studio 2012
Project("{FAE04EC0-301F-11D3-BF4B-00C04F79EFBC}") = "tic_tac_toe", "tic_tac_toe.csproj", "{292381ED-B3BE-4DEA-9381-0CF4686D5E6E}"
EndProject
Global
	GlobalSection(SolutionConfigurationPlatforms) = preSolution
	Debug|Any CPU = Debug|Any CPU
	ExportDebug|Any CPU = ExportDebug|Any CPU
	ExportRelease|Any CPU = ExportRelease|Any CPU
	EndGlobalSection
	GlobalSection(ProjectConfigurationPlatforms) = postSolution
		{292381ED-B3BE-4DEA-9381-0CF4686D5E6E}.Debug|Any CPU.ActiveCfg = Debug|Any CPU
		{292381ED-B3BE-4DEA-9381-0CF4686D5E6E}.Debug|Any CPU.Build.0 = Debug|Any CPU
		{292381ED-B3BE-4DEA-9381-0CF4686D5E6E}.ExportDebug|Any CPU.ActiveCfg = ExportDebug|Any CPU
		{292381ED-B3BE-4DEA-9381-0CF4686D5E6E}.ExportDebug|Any CPU.Build.0 = ExportDebug|Any CPU
		{292381ED-B3BE-4DEA-9381-0CF4686D5E6E}.ExportRelease|Any CPU.ActiveCfg = ExportRelease|Any CPU
		{292381ED-B3BE-4DEA-9381-0CF4686D5E6E}.ExportRelease|Any CPU.Build.0 = ExportRelease|Any CPU
	EndGlobalSection
EndGlobal
